
Microsoft Visual Studio Solution File, Format Version 12.00
# Visual Studio 15
VisualStudioVersion = 15.0.26430.15
MinimumVisualStudioVersion = 10.0.40219.1
Project("{FAE04EC0-301F-11D3-BF4B-00C04F79EFBC}") = "Rock_Paper_Scissors.Runner", "Rock_Paper_Scissors.Runner\Rock_Paper_Scissors.Runner.csproj", "{A42B089B-D7DC-4291-AB88-41B8BCB75297}"
EndProject
Project("{FAE04EC0-301F-11D3-BF4B-00C04F79EFBC}") = "Rock_Paper_Scissors.Game", "Rock_Paper_Scissors.Game\Rock_Paper_Scissors.Game.csproj", "{4AB66458-61F3-4A0E-9BBE-D5FFBBB8667F}"
EndProject
Project("{FAE04EC0-301F-11D3-BF4B-00C04F79EFBC}") = "Rock_Paper_Scissors.Test", "Rock_Paper_Scissors.Test\Rock_Paper_Scissors.Test.csproj", "{BA3DD549-23EC-42F3-B500-1F934B0A76A9}"
EndProject
Global
	GlobalSection(SolutionConfigurationPlatforms) = preSolution
		Debug|Any CPU = Debug|Any CPU
		Release|Any CPU = Release|Any CPU
	EndGlobalSection
	GlobalSection(ProjectConfigurationPlatforms) = postSolution
		{A42B089B-D7DC-4291-AB88-41B8BCB75297}.Debug|Any CPU.ActiveCfg = Debug|Any CPU
		{A42B089B-D7DC-4291-AB88-41B8BCB75297}.Debug|Any CPU.Build.0 = Debug|Any CPU
		{A42B089B-D7DC-4291-AB88-41B8BCB75297}.Release|Any CPU.ActiveCfg = Release|Any CPU
		{A42B089B-D7DC-4291-AB88-41B8BCB75297}.Release|Any CPU.Build.0 = Release|Any CPU
		{4AB66458-61F3-4A0E-9BBE-D5FFBBB8667F}.Debug|Any CPU.ActiveCfg = Debug|Any CPU
		{4AB66458-61F3-4A0E-9BBE-D5FFBBB8667F}.Debug|Any CPU.Build.0 = Debug|Any CPU
		{4AB66458-61F3-4A0E-9BBE-D5FFBBB8667F}.Release|Any CPU.ActiveCfg = Release|Any CPU
		{4AB66458-61F3-4A0E-9BBE-D5FFBBB8667F}.Release|Any CPU.Build.0 = Release|Any CPU
		{BA3DD549-23EC-42F3-B500-1F934B0A76A9}.Debug|Any CPU.ActiveCfg = Debug|Any CPU
		{BA3DD549-23EC-42F3-B500-1F934B0A76A9}.Debug|Any CPU.Build.0 = Debug|Any CPU
		{BA3DD549-23EC-42F3-B500-1F934B0A76A9}.Release|Any CPU.ActiveCfg = Release|Any CPU
		{BA3DD549-23EC-42F3-B500-1F934B0A76A9}.Release|Any CPU.Build.0 = Release|Any CPU
	EndGlobalSection
	GlobalSection(SolutionProperties) = preSolution
		HideSolutionNode = FALSE
	EndGlobalSection
EndGlobal
